# Generated by move; do not edit
# This file should be checked in.

[move]
version = 4

[pinned.testnet.MoveStdlib]
source = { git = "https://github.com/MystenLabs/sui.git", subdir = 'crates\sui-framework\packages\move-stdlib', rev = "85400e2bd37b490fcd057776e700d3fdca643396" }
use_environment = "testnet"
manifest_digest = "C4FE4C91DE74CBF223B2E380AE40F592177D21870DC2D7EB6227D2D694E05363"
deps = {}

[pinned.testnet.Sui]
source = { git = "https://github.com/MystenLabs/sui.git", subdir = 'crates\sui-framework\packages\sui-framework', rev = "85400e2bd37b490fcd057776e700d3fdca643396" }
use_environment = "testnet"
manifest_digest = "7AFB66695545775FBFBB2D3078ADFD084244D5002392E837FDE21D9EA1C6D01C"
deps = { MoveStdlib = "MoveStdlib" }

[pinned.testnet.milestone_lc]
source = { root = true }
use_environment = "testnet"
manifest_digest = "32988E2650FE063847F6CC0E0869CB6BB1DB6D3EEB38F16784E181D8A72D7B5E"
deps = { mock_haedal = "mock_haedal", mock_scallop = "mock_scallop", std = "MoveStdlib", sui = "Sui", test_coins = "test_coins" }

[pinned.testnet.mock_haedal]
source = { local = '..\mock_haedal' }
use_environment = "testnet"
manifest_digest = "5745706258F61D6CE210904B3E6AE87A73CE9D31A6F93BE4718C442529332A87"
deps = { std = "MoveStdlib", sui = "Sui" }

[pinned.testnet.mock_scallop]
source = { local = '..\mock_scallop' }
use_environment = "testnet"
manifest_digest = "5745706258F61D6CE210904B3E6AE87A73CE9D31A6F93BE4718C442529332A87"
deps = { std = "MoveStdlib", sui = "Sui" }

[pinned.testnet.test_coins]
source = { local = '..\test_coins' }
use_environment = "testnet"
manifest_digest = "5745706258F61D6CE210904B3E6AE87A73CE9D31A6F93BE4718C442529332A87"
deps = { std = "MoveStdlib", sui = "Sui" }
